
Microsoft Visual Studio Solution File, Format Version 12.00
# Visual Studio Version 16
VisualStudioVersion = 16.0.30503.244
MinimumVisualStudioVersion = 10.0.40219.1
Project("{FAE04EC0-301F-11D3-BF4B-00C04F79EFBC}") = "week4", "week4\week4.csproj", "{88EF5ADA-1C67-497F-8919-23DA549A01ED}"
EndProject
Global
	GlobalSection(SolutionConfigurationPlatforms) = preSolution
		Debug|Any CPU = Debug|Any CPU
		Release|Any CPU = Release|Any CPU
	EndGlobalSection
	GlobalSection(ProjectConfigurationPlatforms) = postSolution
		{88EF5ADA-1C67-497F-8919-23DA549A01ED}.Debug|Any CPU.ActiveCfg = Debug|Any CPU
		{88EF5ADA-1C67-497F-8919-23DA549A01ED}.Debug|Any CPU.Build.0 = Debug|Any CPU
		{88EF5ADA-1C67-497F-8919-23DA549A01ED}.Release|Any CPU.ActiveCfg = Release|Any CPU
		{88EF5ADA-1C67-497F-8919-23DA549A01ED}.Release|Any CPU.Build.0 = Release|Any CPU
	EndGlobalSection
	GlobalSection(SolutionProperties) = preSolution
		HideSolutionNode = FALSE
	EndGlobalSection
	GlobalSection(ExtensibilityGlobals) = postSolution
		SolutionGuid = {BB4432EF-9615-4A26-991A-216939674485}
	EndGlobalSection
EndGlobal
