
Microsoft Visual Studio Solution File, Format Version 12.00
# Visual Studio Version 16
VisualStudioVersion = 16.0.30503.244
MinimumVisualStudioVersion = 10.0.40219.1
Project("{FAE04EC0-301F-11D3-BF4B-00C04F79EFBC}") = "week3", "week3\week3.csproj", "{2C59EB30-29E5-4D02-A304-D2CC91D4EA8E}"
EndProject
Global
	GlobalSection(SolutionConfigurationPlatforms) = preSolution
		Debug|Any CPU = Debug|Any CPU
		Release|Any CPU = Release|Any CPU
	EndGlobalSection
	GlobalSection(ProjectConfigurationPlatforms) = postSolution
		{2C59EB30-29E5-4D02-A304-D2CC91D4EA8E}.Debug|Any CPU.ActiveCfg = Debug|Any CPU
		{2C59EB30-29E5-4D02-A304-D2CC91D4EA8E}.Debug|Any CPU.Build.0 = Debug|Any CPU
		{2C59EB30-29E5-4D02-A304-D2CC91D4EA8E}.Release|Any CPU.ActiveCfg = Release|Any CPU
		{2C59EB30-29E5-4D02-A304-D2CC91D4EA8E}.Release|Any CPU.Build.0 = Release|Any CPU
	EndGlobalSection
	GlobalSection(SolutionProperties) = preSolution
		HideSolutionNode = FALSE
	EndGlobalSection
	GlobalSection(ExtensibilityGlobals) = postSolution
		SolutionGuid = {8A24EBC6-DC6C-4ED1-B7DB-5A01C8AC02E7}
	EndGlobalSection
EndGlobal
