
Microsoft Visual Studio Solution File, Format Version 12.00
# Visual Studio Version 16
VisualStudioVersion = 16.0.30523.141
MinimumVisualStudioVersion = 10.0.40219.1
Project("{FAE04EC0-301F-11D3-BF4B-00C04F79EFBC}") = "week5", "week5\week5.csproj", "{7FC6FE44-5005-4F09-BE69-F10A6FA96F5E}"
EndProject
Global
	GlobalSection(SolutionConfigurationPlatforms) = preSolution
		Debug|Any CPU = Debug|Any CPU
		Release|Any CPU = Release|Any CPU
	EndGlobalSection
	GlobalSection(ProjectConfigurationPlatforms) = postSolution
		{7FC6FE44-5005-4F09-BE69-F10A6FA96F5E}.Debug|Any CPU.ActiveCfg = Debug|Any CPU
		{7FC6FE44-5005-4F09-BE69-F10A6FA96F5E}.Debug|Any CPU.Build.0 = Debug|Any CPU
		{7FC6FE44-5005-4F09-BE69-F10A6FA96F5E}.Release|Any CPU.ActiveCfg = Release|Any CPU
		{7FC6FE44-5005-4F09-BE69-F10A6FA96F5E}.Release|Any CPU.Build.0 = Release|Any CPU
	EndGlobalSection
	GlobalSection(SolutionProperties) = preSolution
		HideSolutionNode = FALSE
	EndGlobalSection
	GlobalSection(ExtensibilityGlobals) = postSolution
		SolutionGuid = {DDC21614-BFDD-404D-945B-F728B9E930CC}
	EndGlobalSection
EndGlobal
